// !$*UTF8*$!
{
	archiveVersion = 1;
	classes = {
	};
	objectVersion = 50;
	objects = {

/* Begin PBXBuildFile section */
		5322AD17225F7F260063D6BF /* button_retry_up.png in Resources */ = {isa = PBXBuildFile; fileRef = 5322AD16225F7F260063D6BF /* button_retry_up.png */; };
		5322AD19225F7F840063D6BF /* again.png in Resources */ = {isa = PBXBuildFile; fileRef = 5322AD18225F7F840063D6BF /* again.png */; };
		53B70913225C33AA00D22F69 /* AppDelegate.swift in Sources */ = {isa = PBXBuildFile; fileRef = 53B70912225C33AA00D22F69 /* AppDelegate.swift */; };
		53B70918225C33AB00D22F69 /* Main.storyboard in Resources */ = {isa = PBXBuildFile; fileRef = 53B70916225C33AB00D22F69 /* Main.storyboard */; };
		53B7091A225C33AC00D22F69 /* Assets.xcassets in Resources */ = {isa = PBXBuildFile; fileRef = 53B70919225C33AC00D22F69 /* Assets.xcassets */; };
		53B7091D225C33AC00D22F69 /* LaunchScreen.storyboard in Resources */ = {isa = PBXBuildFile; fileRef = 53B7091B225C33AC00D22F69 /* LaunchScreen.storyboard */; };
		53B70928225C33AC00D22F69 /* BambooNiajaTests.swift in Sources */ = {isa = PBXBuildFile; fileRef = 53B70927225C33AC00D22F69 /* BambooNiajaTests.swift */; };
		53B70933225C33AC00D22F69 /* BambooNiajaUITests.swift in Sources */ = {isa = PBXBuildFile; fileRef = 53B70932225C33AC00D22F69 /* BambooNiajaUITests.swift */; };
		53B7096C225C498E00D22F69 /* StickHeroGameScene.swift in Sources */ = {isa = PBXBuildFile; fileRef = 53B7096A225C496C00D22F69 /* StickHeroGameScene.swift */; };
		53B7096D225C499000D22F69 /* Defined.swift in Sources */ = {isa = PBXBuildFile; fileRef = 53B70969225C496C00D22F69 /* Defined.swift */; };
		53B7096E225C499300D22F69 /* Tools.swift in Sources */ = {isa = PBXBuildFile; fileRef = 53B7096B225C496C00D22F69 /* Tools.swift */; };
		53B70970225C4B6600D22F69 /* ViewController.swift in Sources */ = {isa = PBXBuildFile; fileRef = 53B7096F225C4B6600D22F69 /* ViewController.swift */; };
		53B70979225C7C8E00D22F69 /* human2.png in Resources */ = {isa = PBXBuildFile; fileRef = 53B70943225C433100D22F69 /* human2.png */; };
		53B7097A225C7C9000D22F69 /* human1.png in Resources */ = {isa = PBXBuildFile; fileRef = 53B70942225C433100D22F69 /* human1.png */; };
		53B7097B225C7CAF00D22F69 /* fall.wav in Resources */ = {isa = PBXBuildFile; fileRef = 53B7094B225C436300D22F69 /* fall.wav */; };
		53B7097C225C7CB300D22F69 /* stick_grow_loop.wav in Resources */ = {isa = PBXBuildFile; fileRef = 53B7094A225C436300D22F69 /* stick_grow_loop.wav */; };
		53B7097D225C7CB600D22F69 /* victory.wav in Resources */ = {isa = PBXBuildFile; fileRef = 53B7094C225C436300D22F69 /* victory.wav */; };
		53B7097E225C7CB800D22F69 /* highScore.wav in Resources */ = {isa = PBXBuildFile; fileRef = 53B7094D225C436300D22F69 /* highScore.wav */; };
		53B7097F225C7CBA00D22F69 /* kick.wav in Resources */ = {isa = PBXBuildFile; fileRef = 53B7094E225C436300D22F69 /* kick.wav */; };
		53B70980225C7CBC00D22F69 /* bg_country.mp3 in Resources */ = {isa = PBXBuildFile; fileRef = 53B7094F225C436300D22F69 /* bg_country.mp3 */; };
		53B70981225C7CC100D22F69 /* touch_mid.wav in Resources */ = {isa = PBXBuildFile; fileRef = 53B70950225C436300D22F69 /* touch_mid.wav */; };
		53B70982225C7CC300D22F69 /* dead.wav in Resources */ = {isa = PBXBuildFile; fileRef = 53B70951225C436300D22F69 /* dead.wav */; };
		53B70983225C7CC800D22F69 /* StarExplosion.sks in Resources */ = {isa = PBXBuildFile; fileRef = 53B70947225C435700D22F69 /* StarExplosion.sks */; };
		53B70984225C7CCA00D22F69 /* starParticle.png in Resources */ = {isa = PBXBuildFile; fileRef = 53B70948225C435700D22F69 /* starParticle.png */; };
		53B70986225C7F9900D22F69 /* GameConfig.swift in Sources */ = {isa = PBXBuildFile; fileRef = 53B70985225C7F9900D22F69 /* GameConfig.swift */; };
		53B70988225C856A00D22F69 /* stick_background.png in Resources */ = {isa = PBXBuildFile; fileRef = 53B70987225C856A00D22F69 /* stick_background.png */; };
		DE4ACC4BD3629E48E165A012 /* Pods_BambooNiaja.framework in Frameworks */ = {isa = PBXBuildFile; fileRef = AF86A00ACF2B82DC36065D69 /* Pods_BambooNiaja.framework */; };
/* End PBXBuildFile section */

/* Begin PBXContainerItemProxy section */
		53B70924225C33AC00D22F69 /* PBXContainerItemProxy */ = {
			isa = PBXContainerItemProxy;
			containerPortal = 53B70907225C33AA00D22F69 /* Project object */;
			proxyType = 1;
			remoteGlobalIDString = 53B7090E225C33AA00D22F69;
			remoteInfo = BambooNiaja;
		};
		53B7092F225C33AC00D22F69 /* PBXContainerItemProxy */ = {
			isa = PBXContainerItemProxy;
			containerPortal = 53B70907225C33AA00D22F69 /* Project object */;
			proxyType = 1;
			remoteGlobalIDString = 53B7090E225C33AA00D22F69;
			remoteInfo = BambooNiaja;
		};
/* End PBXContainerItemProxy section */

/* Begin PBXFileReference section */
		1B4D224C4D128A98DE5CABE8 /* Pods-BambooNiaja.debug.xcconfig */ = {isa = PBXFileReference; includeInIndex = 1; lastKnownFileType = text.xcconfig; name = "Pods-BambooNiaja.debug.xcconfig"; path = "Pods/Target Support Files/Pods-BambooNiaja/Pods-BambooNiaja.debug.xcconfig"; sourceTree = "<group>"; };
		5322AD16225F7F260063D6BF /* button_retry_up.png */ = {isa = PBXFileReference; lastKnownFileType = image.png; path = button_retry_up.png; sourceTree = "<group>"; };
		5322AD18225F7F840063D6BF /* again.png */ = {isa = PBXFileReference; lastKnownFileType = image.png; path = again.png; sourceTree = "<group>"; };
		53B7090F225C33AA00D22F69 /* BambooNiaja.app */ = {isa = PBXFileReference; explicitFileType = wrapper.application; includeInIndex = 0; path = BambooNiaja.app; sourceTree = BUILT_PRODUCTS_DIR; };
		53B70912225C33AA00D22F69 /* AppDelegate.swift */ = {isa = PBXFileReference; lastKnownFileType = sourcecode.swift; path = AppDelegate.swift; sourceTree = "<group>"; };
		53B70917225C33AB00D22F69 /* Base */ = {isa = PBXFileReference; lastKnownFileType = file.storyboard; name = Base; path = Base.lproj/Main.storyboard; sourceTree = "<group>"; };
		53B70919225C33AC00D22F69 /* Assets.xcassets */ = {isa = PBXFileReference; lastKnownFileType = folder.assetcatalog; path = Assets.xcassets; sourceTree = "<group>"; };
		53B7091C225C33AC00D22F69 /* Base */ = {isa = PBXFileReference; lastKnownFileType = file.storyboard; name = Base; path = Base.lproj/LaunchScreen.storyboard; sourceTree = "<group>"; };
		53B7091E225C33AC00D22F69 /* Info.plist */ = {isa = PBXFileReference; lastKnownFileType = text.plist.xml; path = Info.plist; sourceTree = "<group>"; };
		53B70923225C33AC00D22F69 /* BambooNiajaTests.xctest */ = {isa = PBXFileReference; explicitFileType = wrapper.cfbundle; includeInIndex = 0; path = BambooNiajaTests.xctest; sourceTree = BUILT_PRODUCTS_DIR; };
		53B70927225C33AC00D22F69 /* BambooNiajaTests.swift */ = {isa = PBXFileReference; lastKnownFileType = sourcecode.swift; path = BambooNiajaTests.swift; sourceTree = "<group>"; };
		53B70929225C33AC00D22F69 /* Info.plist */ = {isa = PBXFileReference; lastKnownFileType = text.plist.xml; path = Info.plist; sourceTree = "<group>"; };
		53B7092E225C33AC00D22F69 /* BambooNiajaUITests.xctest */ = {isa = PBXFileReference; explicitFileType = wrapper.cfbundle; includeInIndex = 0; path = BambooNiajaUITests.xctest; sourceTree = BUILT_PRODUCTS_DIR; };
		53B70932225C33AC00D22F69 /* BambooNiajaUITests.swift */ = {isa = PBXFileReference; lastKnownFileType = sourcecode.swift; path = BambooNiajaUITests.swift; sourceTree = "<group>"; };
		53B70934225C33AC00D22F69 /* Info.plist */ = {isa = PBXFileReference; lastKnownFileType = text.plist.xml; path = Info.plist; sourceTree = "<group>"; };
		53B70942225C433100D22F69 /* human1.png */ = {isa = PBXFileReference; lastKnownFileType = image.png; path = human1.png; sourceTree = "<group>"; };
		53B70943225C433100D22F69 /* human2.png */ = {isa = PBXFileReference; lastKnownFileType = image.png; path = human2.png; sourceTree = "<group>"; };
		53B70947225C435700D22F69 /* StarExplosion.sks */ = {isa = PBXFileReference; lastKnownFileType = file.sks; path = StarExplosion.sks; sourceTree = "<group>"; };
		53B70948225C435700D22F69 /* starParticle.png */ = {isa = PBXFileReference; lastKnownFileType = image.png; path = starParticle.png; sourceTree = "<group>"; };
		53B7094A225C436300D22F69 /* stick_grow_loop.wav */ = {isa = PBXFileReference; lastKnownFileType = audio.wav; path = stick_grow_loop.wav; sourceTree = "<group>"; };
		53B7094B225C436300D22F69 /* fall.wav */ = {isa = PBXFileReference; lastKnownFileType = audio.wav; path = fall.wav; sourceTree = "<group>"; };
		53B7094C225C436300D22F69 /* victory.wav */ = {isa = PBXFileReference; lastKnownFileType = audio.wav; path = victory.wav; sourceTree = "<group>"; };
		53B7094D225C436300D22F69 /* highScore.wav */ = {isa = PBXFileReference; lastKnownFileType = audio.wav; path = highScore.wav; sourceTree = "<group>"; };
		53B7094E225C436300D22F69 /* kick.wav */ = {isa = PBXFileReference; lastKnownFileType = audio.wav; path = kick.wav; sourceTree = "<group>"; };
		53B7094F225C436300D22F69 /* bg_country.mp3 */ = {isa = PBXFileReference; lastKnownFileType = audio.mp3; path = bg_country.mp3; sourceTree = "<group>"; };
		53B70950225C436300D22F69 /* touch_mid.wav */ = {isa = PBXFileReference; lastKnownFileType = audio.wav; path = touch_mid.wav; sourceTree = "<group>"; };
		53B70951225C436300D22F69 /* dead.wav */ = {isa = PBXFileReference; lastKnownFileType = audio.wav; path = dead.wav; sourceTree = "<group>"; };
		53B70969225C496C00D22F69 /* Defined.swift */ = {isa = PBXFileReference; lastKnownFileType = sourcecode.swift; path = Defined.swift; sourceTree = "<group>"; };
		53B7096A225C496C00D22F69 /* StickHeroGameScene.swift */ = {isa = PBXFileReference; lastKnownFileType = sourcecode.swift; path = StickHeroGameScene.swift; sourceTree = "<group>"; };
		53B7096B225C496C00D22F69 /* Tools.swift */ = {isa = PBXFileReference; lastKnownFileType = sourcecode.swift; path = Tools.swift; sourceTree = "<group>"; };
		53B7096F225C4B6600D22F69 /* ViewController.swift */ = {isa = PBXFileReference; lastKnownFileType = sourcecode.swift; path = ViewController.swift; sourceTree = "<group>"; };
		53B70985225C7F9900D22F69 /* GameConfig.swift */ = {isa = PBXFileReference; lastKnownFileType = sourcecode.swift; path = GameConfig.swift; sourceTree = "<group>"; };
		53B70987225C856A00D22F69 /* stick_background.png */ = {isa = PBXFileReference; lastKnownFileType = image.png; path = stick_background.png; sourceTree = "<group>"; };
		AF86A00ACF2B82DC36065D69 /* Pods_BambooNiaja.framework */ = {isa = PBXFileReference; explicitFileType = wrapper.framework; includeInIndex = 0; path = Pods_BambooNiaja.framework; sourceTree = BUILT_PRODUCTS_DIR; };
		ECD5C1ECADC30F084A69D3FB /* Pods-BambooNiaja.release.xcconfig */ = {isa = PBXFileReference; includeInIndex = 1; lastKnownFileType = text.xcconfig; name = "Pods-BambooNiaja.release.xcconfig"; path = "Pods/Target Support Files/Pods-BambooNiaja/Pods-BambooNiaja.release.xcconfig"; sourceTree = "<group>"; };
/* End PBXFileReference section */

/* Begin PBXFrameworksBuildPhase section */
		53B7090C225C33AA00D22F69 /* Frameworks */ = {
			isa = PBXFrameworksBuildPhase;
			buildActionMask = 2147483647;
			files = (
				DE4ACC4BD3629E48E165A012 /* Pods_BambooNiaja.framework in Frameworks */,
			);
			runOnlyForDeploymentPostprocessing = 0;
		};
		53B70920225C33AC00D22F69 /* Frameworks */ = {
			isa = PBXFrameworksBuildPhase;
			buildActionMask = 2147483647;
			files = (
			);
			runOnlyForDeploymentPostprocessing = 0;
		};
		53B7092B225C33AC00D22F69 /* Frameworks */ = {
			isa = PBXFrameworksBuildPhase;
			buildActionMask = 2147483647;
			files = (
			);
			runOnlyForDeploymentPostprocessing = 0;
		};
/* End PBXFrameworksBuildPhase section */

/* Begin PBXGroup section */
		4E54771ED43642F5D4BE26CC /* Frameworks */ = {
			isa = PBXGroup;
			children = (
				AF86A00ACF2B82DC36065D69 /* Pods_BambooNiaja.framework */,
			);
			name = Frameworks;
			sourceTree = "<group>";
		};
		53B70906225C33AA00D22F69 = {
			isa = PBXGroup;
			children = (
				53B70911225C33AA00D22F69 /* BambooNiaja */,
				53B70926225C33AC00D22F69 /* BambooNiajaTests */,
				53B70931225C33AC00D22F69 /* BambooNiajaUITests */,
				53B70910225C33AA00D22F69 /* Products */,
				E272321A99B640CDBD561348 /* Pods */,
				4E54771ED43642F5D4BE26CC /* Frameworks */,
			);
			sourceTree = "<group>";
		};
		53B70910225C33AA00D22F69 /* Products */ = {
			isa = PBXGroup;
			children = (
				53B7090F225C33AA00D22F69 /* BambooNiaja.app */,
				53B70923225C33AC00D22F69 /* BambooNiajaTests.xctest */,
				53B7092E225C33AC00D22F69 /* BambooNiajaUITests.xctest */,
			);
			name = Products;
			sourceTree = "<group>";
		};
		53B70911225C33AA00D22F69 /* BambooNiaja */ = {
			isa = PBXGroup;
			children = (
				53B70949225C436300D22F69 /* Sound */,
				53B70946225C435700D22F69 /* Sks */,
				53B70940225C433100D22F69 /* Images */,
				53B70968225C496C00D22F69 /* Scene */,
				53B70912225C33AA00D22F69 /* AppDelegate.swift */,
				53B7096F225C4B6600D22F69 /* ViewController.swift */,
				53B70916225C33AB00D22F69 /* Main.storyboard */,
				53B70919225C33AC00D22F69 /* Assets.xcassets */,
				53B7091B225C33AC00D22F69 /* LaunchScreen.storyboard */,
				53B7091E225C33AC00D22F69 /* Info.plist */,
			);
			path = BambooNiaja;
			sourceTree = "<group>";
		};
		53B70926225C33AC00D22F69 /* BambooNiajaTests */ = {
			isa = PBXGroup;
			children = (
				53B70927225C33AC00D22F69 /* BambooNiajaTests.swift */,
				53B70929225C33AC00D22F69 /* Info.plist */,
			);
			path = BambooNiajaTests;
			sourceTree = "<group>";
		};
		53B70931225C33AC00D22F69 /* BambooNiajaUITests */ = {
			isa = PBXGroup;
			children = (
				53B70932225C33AC00D22F69 /* BambooNiajaUITests.swift */,
				53B70934225C33AC00D22F69 /* Info.plist */,
			);
			path = BambooNiajaUITests;
			sourceTree = "<group>";
		};
		53B70940225C433100D22F69 /* Images */ = {
			isa = PBXGroup;
			children = (
				5322AD16225F7F260063D6BF /* button_retry_up.png */,
				5322AD18225F7F840063D6BF /* again.png */,
				53B70987225C856A00D22F69 /* stick_background.png */,
				53B70942225C433100D22F69 /* human1.png */,
				53B70943225C433100D22F69 /* human2.png */,
			);
			path = Images;
			sourceTree = "<group>";
		};
		53B70946225C435700D22F69 /* Sks */ = {
			isa = PBXGroup;
			children = (
				53B70947225C435700D22F69 /* StarExplosion.sks */,
				53B70948225C435700D22F69 /* starParticle.png */,
			);
			path = Sks;
			sourceTree = "<group>";
		};
		53B70949225C436300D22F69 /* Sound */ = {
			isa = PBXGroup;
			children = (
				53B7094A225C436300D22F69 /* stick_grow_loop.wav */,
				53B7094B225C436300D22F69 /* fall.wav */,
				53B7094C225C436300D22F69 /* victory.wav */,
				53B7094D225C436300D22F69 /* highScore.wav */,
				53B7094E225C436300D22F69 /* kick.wav */,
				53B7094F225C436300D22F69 /* bg_country.mp3 */,
				53B70950225C436300D22F69 /* touch_mid.wav */,
				53B70951225C436300D22F69 /* dead.wav */,
			);
			path = Sound;
			sourceTree = "<group>";
		};
		53B70968225C496C00D22F69 /* Scene */ = {
			isa = PBXGroup;
			children = (
				53B70985225C7F9900D22F69 /* GameConfig.swift */,
				53B70969225C496C00D22F69 /* Defined.swift */,
				53B7096A225C496C00D22F69 /* StickHeroGameScene.swift */,
				53B7096B225C496C00D22F69 /* Tools.swift */,
			);
			path = Scene;
			sourceTree = "<group>";
		};
		E272321A99B640CDBD561348 /* Pods */ = {
			isa = PBXGroup;
			children = (
				1B4D224C4D128A98DE5CABE8 /* Pods-BambooNiaja.debug.xcconfig */,
				ECD5C1ECADC30F084A69D3FB /* Pods-BambooNiaja.release.xcconfig */,
			);
			name = Pods;
			sourceTree = "<group>";
		};
/* End PBXGroup section */

/* Begin PBXNativeTarget section */
		53B7090E225C33AA00D22F69 /* BambooNiaja */ = {
			isa = PBXNativeTarget;
			buildConfigurationList = 53B70937225C33AC00D22F69 /* Build configuration list for PBXNativeTarget "BambooNiaja" */;
			buildPhases = (
				FB495CE0FF7BD332EDDD67B7 /* [CP] Check Pods Manifest.lock */,
				53B7090B225C33AA00D22F69 /* Sources */,
				53B7090C225C33AA00D22F69 /* Frameworks */,
				53B7090D225C33AA00D22F69 /* Resources */,
				56AA481755AD4E408565F181 /* [CP] Embed Pods Frameworks */,
			);
			buildRules = (
			);
			dependencies = (
			);
			name = BambooNiaja;
			productName = BambooNiaja;
			productReference = 53B7090F225C33AA00D22F69 /* BambooNiaja.app */;
			productType = "com.apple.product-type.application";
		};
		53B70922225C33AC00D22F69 /* BambooNiajaTests */ = {
			isa = PBXNativeTarget;
			buildConfigurationList = 53B7093A225C33AC00D22F69 /* Build configuration list for PBXNativeTarget "BambooNiajaTests" */;
			buildPhases = (
				53B7091F225C33AC00D22F69 /* Sources */,
				53B70920225C33AC00D22F69 /* Frameworks */,
				53B70921225C33AC00D22F69 /* Resources */,
			);
			buildRules = (
			);
			dependencies = (
				53B70925225C33AC00D22F69 /* PBXTargetDependency */,
			);
			name = BambooNiajaTests;
			productName = BambooNiajaTests;
			productReference = 53B70923225C33AC00D22F69 /* BambooNiajaTests.xctest */;
			productType = "com.apple.product-type.bundle.unit-test";
		};
		53B7092D225C33AC00D22F69 /* BambooNiajaUITests */ = {
			isa = PBXNativeTarget;
			buildConfigurationList = 53B7093D225C33AC00D22F69 /* Build configuration list for PBXNativeTarget "BambooNiajaUITests" */;
			buildPhases = (
				53B7092A225C33AC00D22F69 /* Sources */,
				53B7092B225C33AC00D22F69 /* Frameworks */,
				53B7092C225C33AC00D22F69 /* Resources */,
			);
			buildRules = (
			);
			dependencies = (
				53B70930225C33AC00D22F69 /* PBXTargetDependency */,
			);
			name = BambooNiajaUITests;
			productName = BambooNiajaUITests;
			productReference = 53B7092E225C33AC00D22F69 /* BambooNiajaUITests.xctest */;
			productType = "com.apple.product-type.bundle.ui-testing";
		};
/* End PBXNativeTarget section */

/* Begin PBXProject section */
		53B70907225C33AA00D22F69 /* Project object */ = {
			isa = PBXProject;
			attributes = {
				LastSwiftUpdateCheck = 1010;
				LastUpgradeCheck = 1010;
				ORGANIZATIONNAME = jerryHU;
				TargetAttributes = {
					53B7090E225C33AA00D22F69 = {
						CreatedOnToolsVersion = 10.1;
					};
					53B70922225C33AC00D22F69 = {
						CreatedOnToolsVersion = 10.1;
						TestTargetID = 53B7090E225C33AA00D22F69;
					};
					53B7092D225C33AC00D22F69 = {
						CreatedOnToolsVersion = 10.1;
						TestTargetID = 53B7090E225C33AA00D22F69;
					};
				};
			};
			buildConfigurationList = 53B7090A225C33AA00D22F69 /* Build configuration list for PBXProject "BambooNiaja" */;
			compatibilityVersion = "Xcode 9.3";
			developmentRegion = en;
			hasScannedForEncodings = 0;
			knownRegions = (
				en,
				Base,
			);
			mainGroup = 53B70906225C33AA00D22F69;
			productRefGroup = 53B70910225C33AA00D22F69 /* Products */;
			projectDirPath = "";
			projectRoot = "";
			targets = (
				53B7090E225C33AA00D22F69 /* BambooNiaja */,
				53B70922225C33AC00D22F69 /* BambooNiajaTests */,
				53B7092D225C33AC00D22F69 /* BambooNiajaUITests */,
			);
		};
/* End PBXProject section */

/* Begin PBXResourcesBuildPhase section */
		53B7090D225C33AA00D22F69 /* Resources */ = {
			isa = PBXResourcesBuildPhase;
			buildActionMask = 2147483647;
			files = (
				53B70983225C7CC800D22F69 /* StarExplosion.sks in Resources */,
				53B70980225C7CBC00D22F69 /* bg_country.mp3 in Resources */,
				5322AD19225F7F840063D6BF /* again.png in Resources */,
				53B70982225C7CC300D22F69 /* dead.wav in Resources */,
				53B70981225C7CC100D22F69 /* touch_mid.wav in Resources */,
				53B70988225C856A00D22F69 /* stick_background.png in Resources */,
				53B70979225C7C8E00D22F69 /* human2.png in Resources */,
				53B7097D225C7CB600D22F69 /* victory.wav in Resources */,
				53B7091D225C33AC00D22F69 /* LaunchScreen.storyboard in Resources */,
				53B7091A225C33AC00D22F69 /* Assets.xcassets in Resources */,
				5322AD17225F7F260063D6BF /* button_retry_up.png in Resources */,
				53B70984225C7CCA00D22F69 /* starParticle.png in Resources */,
				53B7097C225C7CB300D22F69 /* stick_grow_loop.wav in Resources */,
				53B70918225C33AB00D22F69 /* Main.storyboard in Resources */,
				53B7097B225C7CAF00D22F69 /* fall.wav in Resources */,
				53B7097F225C7CBA00D22F69 /* kick.wav in Resources */,
				53B7097E225C7CB800D22F69 /* highScore.wav in Resources */,
				53B7097A225C7C9000D22F69 /* human1.png in Resources */,
			);
			runOnlyForDeploymentPostprocessing = 0;
		};
		53B70921225C33AC00D22F69 /* Resources */ = {
			isa = PBXResourcesBuildPhase;
			buildActionMask = 2147483647;
			files = (
			);
			runOnlyForDeploymentPostprocessing = 0;
		};
		53B7092C225C33AC00D22F69 /* Resources */ = {
			isa = PBXResourcesBuildPhase;
			buildActionMask = 2147483647;
			files = (
			);
			runOnlyForDeploymentPostprocessing = 0;
		};
/* End PBXResourcesBuildPhase section */

/* Begin PBXShellScriptBuildPhase section */
		56AA481755AD4E408565F181 /* [CP] Embed Pods Frameworks */ = {
			isa = PBXShellScriptBuildPhase;
			buildActionMask = 2147483647;
			files = (
			);
			inputFileListPaths = (
			);
			inputPaths = (
				"${SRCROOT}/Pods/Target Support Files/Pods-BambooNiaja/Pods-BambooNiaja-frameworks.sh",
				"${BUILT_PRODUCTS_DIR}/SnapKit/SnapKit.framework",
			);
			name = "[CP] Embed Pods Frameworks";
			outputFileListPaths = (
			);
			outputPaths = (
				"${TARGET_BUILD_DIR}/${FRAMEWORKS_FOLDER_PATH}/SnapKit.framework",
			);
			runOnlyForDeploymentPostprocessing = 0;
			shellPath = /bin/sh;
			shellScript = "\"${SRCROOT}/Pods/Target Support Files/Pods-BambooNiaja/Pods-BambooNiaja-frameworks.sh\"\n";
			showEnvVarsInLog = 0;
		};
		FB495CE0FF7BD332EDDD67B7 /* [CP] Check Pods Manifest.lock */ = {
			isa = PBXShellScriptBuildPhase;
			buildActionMask = 2147483647;
			files = (
			);
			inputFileListPaths = (
			);
			inputPaths = (
				"${PODS_PODFILE_DIR_PATH}/Podfile.lock",
				"${PODS_ROOT}/Manifest.lock",
			);
			name = "[CP] Check Pods Manifest.lock";
			outputFileListPaths = (
			);
			outputPaths = (
				"$(DERIVED_FILE_DIR)/Pods-BambooNiaja-checkManifestLockResult.txt",
			);
			runOnlyForDeploymentPostprocessing = 0;
			shellPath = /bin/sh;
			shellScript = "diff \"${PODS_PODFILE_DIR_PATH}/Podfile.lock\" \"${PODS_ROOT}/Manifest.lock\" > /dev/null\nif [ $? != 0 ] ; then\n    # print error to STDERR\n    echo \"error: The sandbox is not in sync with the Podfile.lock. Run 'pod install' or update your CocoaPods installation.\" >&2\n    exit 1\nfi\n# This output is used by Xcode 'outputs' to avoid re-running this script phase.\necho \"SUCCESS\" > \"${SCRIPT_OUTPUT_FILE_0}\"\n";
			showEnvVarsInLog = 0;
		};
/* End PBXShellScriptBuildPhase section */

/* Begin PBXSourcesBuildPhase section */
		53B7090B225C33AA00D22F69 /* Sources */ = {
			isa = PBXSourcesBuildPhase;
			buildActionMask = 2147483647;
			files = (
				53B70970225C4B6600D22F69 /* ViewController.swift in Sources */,
				53B70986225C7F9900D22F69 /* GameConfig.swift in Sources */,
				53B7096C225C498E00D22F69 /* StickHeroGameScene.swift in Sources */,
				53B70913225C33AA00D22F69 /* AppDelegate.swift in Sources */,
				53B7096D225C499000D22F69 /* Defined.swift in Sources */,
				53B7096E225C499300D22F69 /* Tools.swift in Sources */,
			);
			runOnlyForDeploymentPostprocessing = 0;
		};
		53B7091F225C33AC00D22F69 /* Sources */ = {
			isa = PBXSourcesBuildPhase;
			buildActionMask = 2147483647;
			files = (
				53B70928225C33AC00D22F69 /* BambooNiajaTests.swift in Sources */,
			);
			runOnlyForDeploymentPostprocessing = 0;
		};
		53B7092A225C33AC00D22F69 /* Sources */ = {
			isa = PBXSourcesBuildPhase;
			buildActionMask = 2147483647;
			files = (
				53B70933225C33AC00D22F69 /* BambooNiajaUITests.swift in Sources */,
			);
			runOnlyForDeploymentPostprocessing = 0;
		};
/* End PBXSourcesBuildPhase section */

/* Begin PBXTargetDependency section */
		53B70925225C33AC00D22F69 /* PBXTargetDependency */ = {
			isa = PBXTargetDependency;
			target = 53B7090E225C33AA00D22F69 /* BambooNiaja */;
			targetProxy = 53B70924225C33AC00D22F69 /* PBXContainerItemProxy */;
		};
		53B70930225C33AC00D22F69 /* PBXTargetDependency */ = {
			isa = PBXTargetDependency;
			target = 53B7090E225C33AA00D22F69 /* BambooNiaja */;
			targetProxy = 53B7092F225C33AC00D22F69 /* PBXContainerItemProxy */;
		};
/* End PBXTargetDependency section */

/* Begin PBXVariantGroup section */
		53B70916225C33AB00D22F69 /* Main.storyboard */ = {
			isa = PBXVariantGroup;
			children = (
				53B70917225C33AB00D22F69 /* Base */,
			);
			name = Main.storyboard;
			sourceTree = "<group>";
		};
		53B7091B225C33AC00D22F69 /* LaunchScreen.storyboard */ = {
			isa = PBXVariantGroup;
			children = (
				53B7091C225C33AC00D22F69 /* Base */,
			);
			name = LaunchScreen.storyboard;
			sourceTree = "<group>";
		};
/* End PBXVariantGroup section */

/* Begin XCBuildConfiguration section */
		53B70935225C33AC00D22F69 /* Debug */ = {
			isa = XCBuildConfiguration;
			buildSettings = {
				ALWAYS_SEARCH_USER_PATHS = NO;
				CLANG_ANALYZER_NONNULL = YES;
				CLANG_ANALYZER_NUMBER_OBJECT_CONVERSION = YES_AGGRESSIVE;
				CLANG_CXX_LANGUAGE_STANDARD = "gnu++14";
				CLANG_CXX_LIBRARY = "libc++";
				CLANG_ENABLE_MODULES = YES;
				CLANG_ENABLE_OBJC_ARC = YES;
				CLANG_ENABLE_OBJC_WEAK = YES;
				CLANG_WARN_BLOCK_CAPTURE_AUTORELEASING = YES;
				CLANG_WARN_BOOL_CONVERSION = YES;
				CLANG_WARN_COMMA = YES;
				CLANG_WARN_CONSTANT_CONVERSION = YES;
				CLANG_WARN_DEPRECATED_OBJC_IMPLEMENTATIONS = YES;
				CLANG_WARN_DIRECT_OBJC_ISA_USAGE = YES_ERROR;
				CLANG_WARN_DOCUMENTATION_COMMENTS = YES;
				CLANG_WARN_EMPTY_BODY = YES;
				CLANG_WARN_ENUM_CONVERSION = YES;
				CLANG_WARN_INFINITE_RECURSION = YES;
				CLANG_WARN_INT_CONVERSION = YES;
				CLANG_WARN_NON_LITERAL_NULL_CONVERSION = YES;
				CLANG_WARN_OBJC_IMPLICIT_RETAIN_SELF = YES;
				CLANG_WARN_OBJC_LITERAL_CONVERSION = YES;
				CLANG_WARN_OBJC_ROOT_CLASS = YES_ERROR;
				CLANG_WARN_RANGE_LOOP_ANALYSIS = YES;
				CLANG_WARN_STRICT_PROTOTYPES = YES;
				CLANG_WARN_SUSPICIOUS_MOVE = YES;
				CLANG_WARN_UNGUARDED_AVAILABILITY = YES_AGGRESSIVE;
				CLANG_WARN_UNREACHABLE_CODE = YES;
				CLANG_WARN__DUPLICATE_METHOD_MATCH = YES;
				CODE_SIGN_IDENTITY = "iPhone Developer";
				COPY_PHASE_STRIP = NO;
				DEBUG_INFORMATION_FORMAT = dwarf;
				ENABLE_STRICT_OBJC_MSGSEND = YES;
				ENABLE_TESTABILITY = YES;
				GCC_C_LANGUAGE_STANDARD = gnu11;
				GCC_DYNAMIC_NO_PIC = NO;
				GCC_NO_COMMON_BLOCKS = YES;
				GCC_OPTIMIZATION_LEVEL = 0;
				GCC_PREPROCESSOR_DEFINITIONS = (
					"DEBUG=1",
					"$(inherited)",
				);
				GCC_WARN_64_TO_32_BIT_CONVERSION = YES;
				GCC_WARN_ABOUT_RETURN_TYPE = YES_ERROR;
				GCC_WARN_UNDECLARED_SELECTOR = YES;
				GCC_WARN_UNINITIALIZED_AUTOS = YES_AGGRESSIVE;
				GCC_WARN_UNUSED_FUNCTION = YES;
				GCC_WARN_UNUSED_VARIABLE = YES;
				IPHONEOS_DEPLOYMENT_TARGET = 12.1;
				MTL_ENABLE_DEBUG_INFO = INCLUDE_SOURCE;
				MTL_FAST_MATH = YES;
				ONLY_ACTIVE_ARCH = YES;
				SDKROOT = iphoneos;
				SWIFT_ACTIVE_COMPILATION_CONDITIONS = DEBUG;
				SWIFT_OPTIMIZATION_LEVEL = "-Onone";
			};
			name = Debug;
		};
		53B70936225C33AC00D22F69 /* Release */ = {
			isa = XCBuildConfiguration;
			buildSettings = {
				ALWAYS_SEARCH_USER_PATHS = NO;
				CLANG_ANALYZER_NONNULL = YES;
				CLANG_ANALYZER_NUMBER_OBJECT_CONVERSION = YES_AGGRESSIVE;
				CLANG_CXX_LANGUAGE_STANDARD = "gnu++14";
				CLANG_CXX_LIBRARY = "libc++";
				CLANG_ENABLE_MODULES = YES;
				CLANG_ENABLE_OBJC_ARC = YES;
				CLANG_ENABLE_OBJC_WEAK = YES;
				CLANG_WARN_BLOCK_CAPTURE_AUTORELEASING = YES;
				CLANG_WARN_BOOL_CONVERSION = YES;
				CLANG_WARN_COMMA = YES;
				CLANG_WARN_CONSTANT_CONVERSION = YES;
				CLANG_WARN_DEPRECATED_OBJC_IMPLEMENTATIONS = YES;
				CLANG_WARN_DIRECT_OBJC_ISA_USAGE = YES_ERROR;
				CLANG_WARN_DOCUMENTATION_COMMENTS = YES;
				CLANG_WARN_EMPTY_BODY = YES;
				CLANG_WARN_ENUM_CONVERSION = YES;
				CLANG_WARN_INFINITE_RECURSION = YES;
				CLANG_WARN_INT_CONVERSION = YES;
				CLANG_WARN_NON_LITERAL_NULL_CONVERSION = YES;
				CLANG_WARN_OBJC_IMPLICIT_RETAIN_SELF = YES;
				CLANG_WARN_OBJC_LITERAL_CONVERSION = YES;
				CLANG_WARN_OBJC_ROOT_CLASS = YES_ERROR;
				CLANG_WARN_RANGE_LOOP_ANALYSIS = YES;
				CLANG_WARN_STRICT_PROTOTYPES = YES;
				CLANG_WARN_SUSPICIOUS_MOVE = YES;
				CLANG_WARN_UNGUARDED_AVAILABILITY = YES_AGGRESSIVE;
				CLANG_WARN_UNREACHABLE_CODE = YES;
				CLANG_WARN__DUPLICATE_METHOD_MATCH = YES;
				CODE_SIGN_IDENTITY = "iPhone Developer";
				COPY_PHASE_STRIP = NO;
				DEBUG_INFORMATION_FORMAT = "dwarf-with-dsym";
				ENABLE_NS_ASSERTIONS = NO;
				ENABLE_STRICT_OBJC_MSGSEND = YES;
				GCC_C_LANGUAGE_STANDARD = gnu11;
				GCC_NO_COMMON_BLOCKS = YES;
				GCC_WARN_64_TO_32_BIT_CONVERSION = YES;
				GCC_WARN_ABOUT_RETURN_TYPE = YES_ERROR;
				GCC_WARN_UNDECLARED_SELECTOR = YES;
				GCC_WARN_UNINITIALIZED_AUTOS = YES_AGGRESSIVE;
				GCC_WARN_UNUSED_FUNCTION = YES;
				GCC_WARN_UNUSED_VARIABLE = YES;
				IPHONEOS_DEPLOYMENT_TARGET = 12.1;
				MTL_ENABLE_DEBUG_INFO = NO;
				MTL_FAST_MATH = YES;
				SDKROOT = iphoneos;
				SWIFT_COMPILATION_MODE = wholemodule;
				SWIFT_OPTIMIZATION_LEVEL = "-O";
				VALIDATE_PRODUCT = YES;
			};
			name = Release;
		};
		53B70938225C33AC00D22F69 /* Debug */ = {
			isa = XCBuildConfiguration;
			baseConfigurationReference = 1B4D224C4D128A98DE5CABE8 /* Pods-BambooNiaja.debug.xcconfig */;
			buildSettings = {
				ASSETCATALOG_COMPILER_APPICON_NAME = AppIcon;
				CODE_SIGN_STYLE = Manual;
				DEVELOPMENT_TEAM = "";
				INFOPLIST_FILE = BambooNiaja/Info.plist;
				IPHONEOS_DEPLOYMENT_TARGET = 10.0;
				LD_RUNPATH_SEARCH_PATHS = (
					"$(inherited)",
					"@executable_path/Frameworks",
				);
				PRODUCT_BUNDLE_IDENTIFIER = com.xxx.BambooNiaja;
				PRODUCT_NAME = "$(TARGET_NAME)";
				PROVISIONING_PROFILE_SPECIFIER = "";
				SWIFT_VERSION = 4.2;
				TARGETED_DEVICE_FAMILY = 1;
			};
			name = Debug;
		};
		53B70939225C33AC00D22F69 /* Release */ = {
			isa = XCBuildConfiguration;
			baseConfigurationReference = ECD5C1ECADC30F084A69D3FB /* Pods-BambooNiaja.release.xcconfig */;
			buildSettings = {
				ASSETCATALOG_COMPILER_APPICON_NAME = AppIcon;
				CODE_SIGN_STYLE = Manual;
				DEVELOPMENT_TEAM = "";
				INFOPLIST_FILE = BambooNiaja/Info.plist;
				IPHONEOS_DEPLOYMENT_TARGET = 10.0;
				LD_RUNPATH_SEARCH_PATHS = (
					"$(inherited)",
					"@executable_path/Frameworks",
				);
				PRODUCT_BUNDLE_IDENTIFIER = com.xxx.BambooNiaja;
				PRODUCT_NAME = "$(TARGET_NAME)";
				PROVISIONING_PROFILE_SPECIFIER = "";
				SWIFT_VERSION = 4.2;
				TARGETED_DEVICE_FAMILY = 1;
			};
			name = Release;
		};
		53B7093B225C33AC00D22F69 /* Debug */ = {
			isa = XCBuildConfiguration;
			buildSettings = {
				ALWAYS_EMBED_SWIFT_STANDARD_LIBRARIES = YES;
				BUNDLE_LOADER = "$(TEST_HOST)";
				CODE_SIGN_STYLE = Automatic;
				INFOPLIST_FILE = BambooNiajaTests/Info.plist;
				LD_RUNPATH_SEARCH_PATHS = (
					"$(inherited)",
					"@executable_path/Frameworks",
					"@loader_path/Frameworks",
				);
				PRODUCT_BUNDLE_IDENTIFIER = com.xxx.BambooNiajaTests;
				PRODUCT_NAME = "$(TARGET_NAME)";
				SWIFT_VERSION = 4.2;
				TARGETED_DEVICE_FAMILY = "1,2";
				TEST_HOST = "$(BUILT_PRODUCTS_DIR)/BambooNiaja.app/BambooNiaja";
			};
			name = Debug;
		};
		53B7093C225C33AC00D22F69 /* Release */ = {
			isa = XCBuildConfiguration;
			buildSettings = {
				ALWAYS_EMBED_SWIFT_STANDARD_LIBRARIES = YES;
				BUNDLE_LOADER = "$(TEST_HOST)";
				CODE_SIGN_STYLE = Automatic;
				INFOPLIST_FILE = BambooNiajaTests/Info.plist;
				LD_RUNPATH_SEARCH_PATHS = (
					"$(inherited)",
					"@executable_path/Frameworks",
					"@loader_path/Frameworks",
				);
				PRODUCT_BUNDLE_IDENTIFIER = com.xxx.BambooNiajaTests;
				PRODUCT_NAME = "$(TARGET_NAME)";
				SWIFT_VERSION = 4.2;
				TARGETED_DEVICE_FAMILY = "1,2";
				TEST_HOST = "$(BUILT_PRODUCTS_DIR)/BambooNiaja.app/BambooNiaja";
			};
			name = Release;
		};
		53B7093E225C33AC00D22F69 /* Debug */ = {
			isa = XCBuildConfiguration;
			buildSettings = {
				ALWAYS_EMBED_SWIFT_STANDARD_LIBRARIES = YES;
				CODE_SIGN_STYLE = Automatic;
				INFOPLIST_FILE = BambooNiajaUITests/Info.plist;
				LD_RUNPATH_SEARCH_PATHS = (
					"$(inherited)",
					"@executable_path/Frameworks",
					"@loader_path/Frameworks",
				);
				PRODUCT_BUNDLE_IDENTIFIER = com.xxx.BambooNiajaUITests;
				PRODUCT_NAME = "$(TARGET_NAME)";
				SWIFT_VERSION = 4.2;
				TARGETED_DEVICE_FAMILY = "1,2";
				TEST_TARGET_NAME = BambooNiaja;
			};
			name = Debug;
		};
		53B7093F225C33AC00D22F69 /* Release */ = {
			isa = XCBuildConfiguration;
			buildSettings = {
				ALWAYS_EMBED_SWIFT_STANDARD_LIBRARIES = YES;
				CODE_SIGN_STYLE = Automatic;
				INFOPLIST_FILE = BambooNiajaUITests/Info.plist;
				LD_RUNPATH_SEARCH_PATHS = (
					"$(inherited)",
					"@executable_path/Frameworks",
					"@loader_path/Frameworks",
				);
				PRODUCT_BUNDLE_IDENTIFIER = com.xxx.BambooNiajaUITests;
				PRODUCT_NAME = "$(TARGET_NAME)";
				SWIFT_VERSION = 4.2;
				TARGETED_DEVICE_FAMILY = "1,2";
				TEST_TARGET_NAME = BambooNiaja;
			};
			name = Release;
		};
/* End XCBuildConfiguration section */

/* Begin XCConfigurationList section */
		53B7090A225C33AA00D22F69 /* Build configuration list for PBXProject "BambooNiaja" */ = {
			isa = XCConfigurationList;
			buildConfigurations = (
				53B70935225C33AC00D22F69 /* Debug */,
				53B70936225C33AC00D22F69 /* Release */,
			);
			defaultConfigurationIsVisible = 0;
			defaultConfigurationName = Release;
		};
		53B70937225C33AC00D22F69 /* Build configuration list for PBXNativeTarget "BambooNiaja" */ = {
			isa = XCConfigurationList;
			buildConfigurations = (
				53B70938225C33AC00D22F69 /* Debug */,
				53B70939225C33AC00D22F69 /* Release */,
			);
			defaultConfigurationIsVisible = 0;
			defaultConfigurationName = Release;
		};
		53B7093A225C33AC00D22F69 /* Build configuration list for PBXNativeTarget "BambooNiajaTests" */ = {
			isa = XCConfigurationList;
			buildConfigurations = (
				53B7093B225C33AC00D22F69 /* Debug */,
				53B7093C225C33AC00D22F69 /* Release */,
			);
			defaultConfigurationIsVisible = 0;
			defaultConfigurationName = Release;
		};
		53B7093D225C33AC00D22F69 /* Build configuration list for PBXNativeTarget "BambooNiajaUITests" */ = {
			isa = XCConfigurationList;
			buildConfigurations = (
				53B7093E225C33AC00D22F69 /* Debug */,
				53B7093F225C33AC00D22F69 /* Release */,
			);
			defaultConfigurationIsVisible = 0;
			defaultConfigurationName = Release;
		};
/* End XCConfigurationList section */
	};
	rootObject = 53B70907225C33AA00D22F69 /* Project object */;
}
