// !$*UTF8*$!
{
	archiveVersion = 1;
	classes = {
	};
	objectVersion = 50;
	objects = {

/* Begin PBXBuildFile section */
		53B70913225C33AA00D22F69 /* AppDelegate.swift in Sources */ = {isa = PBXBuildFile; fileRef = 53B70912225C33AA00D22F69 /* AppDelegate.swift */; };
		53B70915225C33AB00D22F69 /* ViewController.swift in Sources */ = {isa = PBXBuildFile; fileRef = 53B70914225C33AB00D22F69 /* ViewController.swift */; };
		53B70918225C33AB00D22F69 /* Main.storyboard in Resources */ = {isa = PBXBuildFile; fileRef = 53B70916225C33AB00D22F69 /* Main.storyboard */; };
		53B7091A225C33AC00D22F69 /* Assets.xcassets in Resources */ = {isa = PBXBuildFile; fileRef = 53B70919225C33AC00D22F69 /* Assets.xcassets */; };
		53B7091D225C33AC00D22F69 /* LaunchScreen.storyboard in Resources */ = {isa = PBXBuildFile; fileRef = 53B7091B225C33AC00D22F69 /* LaunchScreen.storyboard */; };
		53B70928225C33AC00D22F69 /* BambooNiajaTests.swift in Sources */ = {isa = PBXBuildFile; fileRef = 53B70927225C33AC00D22F69 /* BambooNiajaTests.swift */; };
		53B70933225C33AC00D22F69 /* BambooNiajaUITests.swift in Sources */ = {isa = PBXBuildFile; fileRef = 53B70932225C33AC00D22F69 /* BambooNiajaUITests.swift */; };
/* End PBXBuildFile section */

/* Begin PBXContainerItemProxy section */
		53B70924225C33AC00D22F69 /* PBXContainerItemProxy */ = {
			isa = PBXContainerItemProxy;
			containerPortal = 53B70907225C33AA00D22F69 /* Project object */;
			proxyType = 1;
			remoteGlobalIDString = 53B7090E225C33AA00D22F69;
			remoteInfo = BambooNiaja;
		};
		53B7092F225C33AC00D22F69 /* PBXContainerItemProxy */ = {
			isa = PBXContainerItemProxy;
			containerPortal = 53B70907225C33AA00D22F69 /* Project object */;
			proxyType = 1;
			remoteGlobalIDString = 53B7090E225C33AA00D22F69;
			remoteInfo = BambooNiaja;
		};
/* End PBXContainerItemProxy section */

/* Begin PBXFileReference section */
		53B7090F225C33AA00D22F69 /* BambooNiaja.app */ = {isa = PBXFileReference; explicitFileType = wrapper.application; includeInIndex = 0; path = BambooNiaja.app; sourceTree = BUILT_PRODUCTS_DIR; };
		53B70912225C33AA00D22F69 /* AppDelegate.swift */ = {isa = PBXFileReference; lastKnownFileType = sourcecode.swift; path = AppDelegate.swift; sourceTree = "<group>"; };
		53B70914225C33AB00D22F69 /* ViewController.swift */ = {isa = PBXFileReference; lastKnownFileType = sourcecode.swift; path = ViewController.swift; sourceTree = "<group>"; };
		53B70917225C33AB00D22F69 /* Base */ = {isa = PBXFileReference; lastKnownFileType = file.storyboard; name = Base; path = Base.lproj/Main.storyboard; sourceTree = "<group>"; };
		53B70919225C33AC00D22F69 /* Assets.xcassets */ = {isa = PBXFileReference; lastKnownFileType = folder.assetcatalog; path = Assets.xcassets; sourceTree = "<group>"; };
		53B7091C225C33AC00D22F69 /* Base */ = {isa = PBXFileReference; lastKnownFileType = file.storyboard; name = Base; path = Base.lproj/LaunchScreen.storyboard; sourceTree = "<group>"; };
		53B7091E225C33AC00D22F69 /* Info.plist */ = {isa = PBXFileReference; lastKnownFileType = text.plist.xml; path = Info.plist; sourceTree = "<group>"; };
		53B70923225C33AC00D22F69 /* BambooNiajaTests.xctest */ = {isa = PBXFileReference; explicitFileType = wrapper.cfbundle; includeInIndex = 0; path = BambooNiajaTests.xctest; sourceTree = BUILT_PRODUCTS_DIR; };
		53B70927225C33AC00D22F69 /* BambooNiajaTests.swift */ = {isa = PBXFileReference; lastKnownFileType = sourcecode.swift; path = BambooNiajaTests.swift; sourceTree = "<group>"; };
		53B70929225C33AC00D22F69 /* Info.plist */ = {isa = PBXFileReference; lastKnownFileType = text.plist.xml; path = Info.plist; sourceTree = "<group>"; };
		53B7092E225C33AC00D22F69 /* BambooNiajaUITests.xctest */ = {isa = PBXFileReference; explicitFileType = wrapper.cfbundle; includeInIndex = 0; path = BambooNiajaUITests.xctest; sourceTree = BUILT_PRODUCTS_DIR; };
		53B70932225C33AC00D22F69 /* BambooNiajaUITests.swift */ = {isa = PBXFileReference; lastKnownFileType = sourcecode.swift; path = BambooNiajaUITests.swift; sourceTree = "<group>"; };
		53B70934225C33AC00D22F69 /* Info.plist */ = {isa = PBXFileReference; lastKnownFileType = text.plist.xml; path = Info.plist; sourceTree = "<group>"; };
/* End PBXFileReference section */

/* Begin PBXFrameworksBuildPhase section */
		53B7090C225C33AA00D22F69 /* Frameworks */ = {
			isa = PBXFrameworksBuildPhase;
			buildActionMask = 2147483647;
			files = (
			);
			runOnlyForDeploymentPostprocessing = 0;
		};
		53B70920225C33AC00D22F69 /* Frameworks */ = {
			isa = PBXFrameworksBuildPhase;
			buildActionMask = 2147483647;
			files = (
			);
			runOnlyForDeploymentPostprocessing = 0;
		};
		53B7092B225C33AC00D22F69 /* Frameworks */ = {
			isa = PBXFrameworksBuildPhase;
			buildActionMask = 2147483647;
			files = (
			);
			runOnlyForDeploymentPostprocessing = 0;
		};
/* End PBXFrameworksBuildPhase section */

/* Begin PBXGroup section */
		53B70906225C33AA00D22F69 = {
			isa = PBXGroup;
			children = (
				53B70911225C33AA00D22F69 /* BambooNiaja */,
				53B70926225C33AC00D22F69 /* BambooNiajaTests */,
				53B70931225C33AC00D22F69 /* BambooNiajaUITests */,
				53B70910225C33AA00D22F69 /* Products */,
			);
			sourceTree = "<group>";
		};
		53B70910225C33AA00D22F69 /* Products */ = {
			isa = PBXGroup;
			children = (
				53B7090F225C33AA00D22F69 /* BambooNiaja.app */,
				53B70923225C33AC00D22F69 /* BambooNiajaTests.xctest */,
				53B7092E225C33AC00D22F69 /* BambooNiajaUITests.xctest */,
			);
			name = Products;
			sourceTree = "<group>";
		};
		53B70911225C33AA00D22F69 /* BambooNiaja */ = {
			isa = PBXGroup;
			children = (
				53B70912225C33AA00D22F69 /* AppDelegate.swift */,
				53B70914225C33AB00D22F69 /* ViewController.swift */,
				53B70916225C33AB00D22F69 /* Main.storyboard */,
				53B70919225C33AC00D22F69 /* Assets.xcassets */,
				53B7091B225C33AC00D22F69 /* LaunchScreen.storyboard */,
				53B7091E225C33AC00D22F69 /* Info.plist */,
			);
			path = BambooNiaja;
			sourceTree = "<group>";
		};
		53B70926225C33AC00D22F69 /* BambooNiajaTests */ = {
			isa = PBXGroup;
			children = (
				53B70927225C33AC00D22F69 /* BambooNiajaTests.swift */,
				53B70929225C33AC00D22F69 /* Info.plist */,
			);
			path = BambooNiajaTests;
			sourceTree = "<group>";
		};
		53B70931225C33AC00D22F69 /* BambooNiajaUITests */ = {
			isa = PBXGroup;
			children = (
				53B70932225C33AC00D22F69 /* BambooNiajaUITests.swift */,
				53B70934225C33AC00D22F69 /* Info.plist */,
			);
			path = BambooNiajaUITests;
			sourceTree = "<group>";
		};
/* End PBXGroup section */

/* Begin PBXNativeTarget section */
		53B7090E225C33AA00D22F69 /* BambooNiaja */ = {
			isa = PBXNativeTarget;
			buildConfigurationList = 53B70937225C33AC00D22F69 /* Build configuration list for PBXNativeTarget "BambooNiaja" */;
			buildPhases = (
				53B7090B225C33AA00D22F69 /* Sources */,
				53B7090C225C33AA00D22F69 /* Frameworks */,
				53B7090D225C33AA00D22F69 /* Resources */,
			);
			buildRules = (
			);
			dependencies = (
			);
			name = BambooNiaja;
			productName = BambooNiaja;
			productReference = 53B7090F225C33AA00D22F69 /* BambooNiaja.app */;
			productType = "com.apple.product-type.application";
		};
		53B70922225C33AC00D22F69 /* BambooNiajaTests */ = {
			isa = PBXNativeTarget;
			buildConfigurationList = 53B7093A225C33AC00D22F69 /* Build configuration list for PBXNativeTarget "BambooNiajaTests" */;
			buildPhases = (
				53B7091F225C33AC00D22F69 /* Sources */,
				53B70920225C33AC00D22F69 /* Frameworks */,
				53B70921225C33AC00D22F69 /* Resources */,
			);
			buildRules = (
			);
			dependencies = (
				53B70925225C33AC00D22F69 /* PBXTargetDependency */,
			);
			name = BambooNiajaTests;
			productName = BambooNiajaTests;
			productReference = 53B70923225C33AC00D22F69 /* BambooNiajaTests.xctest */;
			productType = "com.apple.product-type.bundle.unit-test";
		};
		53B7092D225C33AC00D22F69 /* BambooNiajaUITests */ = {
			isa = PBXNativeTarget;
			buildConfigurationList = 53B7093D225C33AC00D22F69 /* Build configuration list for PBXNativeTarget "BambooNiajaUITests" */;
			buildPhases = (
				53B7092A225C33AC00D22F69 /* Sources */,
				53B7092B225C33AC00D22F69 /* Frameworks */,
				53B7092C225C33AC00D22F69 /* Resources */,
			);
			buildRules = (
			);
			dependencies = (
				53B70930225C33AC00D22F69 /* PBXTargetDependency */,
			);
			name = BambooNiajaUITests;
			productName = BambooNiajaUITests;
			productReference = 53B7092E225C33AC00D22F69 /* BambooNiajaUITests.xctest */;
			productType = "com.apple.product-type.bundle.ui-testing";
		};
/* End PBXNativeTarget section */

/* Begin PBXProject section */
		53B70907225C33AA00D22F69 /* Project object */ = {
			isa = PBXProject;
			attributes = {
				LastSwiftUpdateCheck = 1010;
				LastUpgradeCheck = 1010;
				ORGANIZATIONNAME = jerryHU;
				TargetAttributes = {
					53B7090E225C33AA00D22F69 = {
						CreatedOnToolsVersion = 10.1;
					};
					53B70922225C33AC00D22F69 = {
						CreatedOnToolsVersion = 10.1;
						TestTargetID = 53B7090E225C33AA00D22F69;
					};
					53B7092D225C33AC00D22F69 = {
						CreatedOnToolsVersion = 10.1;
						TestTargetID = 53B7090E225C33AA00D22F69;
					};
				};
			};
			buildConfigurationList = 53B7090A225C33AA00D22F69 /* Build configuration list for PBXProject "BambooNiaja" */;
			compatibilityVersion = "Xcode 9.3";
			developmentRegion = en;
			hasScannedForEncodings = 0;
			knownRegions = (
				en,
				Base,
			);
			mainGroup = 53B70906225C33AA00D22F69;
			productRefGroup = 53B70910225C33AA00D22F69 /* Products */;
			projectDirPath = "";
			projectRoot = "";
			targets = (
				53B7090E225C33AA00D22F69 /* BambooNiaja */,
				53B70922225C33AC00D22F69 /* BambooNiajaTests */,
				53B7092D225C33AC00D22F69 /* BambooNiajaUITests */,
			);
		};
/* End PBXProject section */

/* Begin PBXResourcesBuildPhase section */
		53B7090D225C33AA00D22F69 /* Resources */ = {
			isa = PBXResourcesBuildPhase;
			buildActionMask = 2147483647;
			files = (
				53B7091D225C33AC00D22F69 /* LaunchScreen.storyboard in Resources */,
				53B7091A225C33AC00D22F69 /* Assets.xcassets in Resources */,
				53B70918225C33AB00D22F69 /* Main.storyboard in Resources */,
			);
			runOnlyForDeploymentPostprocessing = 0;
		};
		53B70921225C33AC00D22F69 /* Resources */ = {
			isa = PBXResourcesBuildPhase;
			buildActionMask = 2147483647;
			files = (
			);
			runOnlyForDeploymentPostprocessing = 0;
		};
		53B7092C225C33AC00D22F69 /* Resources */ = {
			isa = PBXResourcesBuildPhase;
			buildActionMask = 2147483647;
			files = (
			);
			runOnlyForDeploymentPostprocessing = 0;
		};
/* End PBXResourcesBuildPhase section */

/* Begin PBXSourcesBuildPhase section */
		53B7090B225C33AA00D22F69 /* Sources */ = {
			isa = PBXSourcesBuildPhase;
			buildActionMask = 2147483647;
			files = (
				53B70915225C33AB00D22F69 /* ViewController.swift in Sources */,
				53B70913225C33AA00D22F69 /* AppDelegate.swift in Sources */,
			);
			runOnlyForDeploymentPostprocessing = 0;
		};
		53B7091F225C33AC00D22F69 /* Sources */ = {
			isa = PBXSourcesBuildPhase;
			buildActionMask = 2147483647;
			files = (
				53B70928225C33AC00D22F69 /* BambooNiajaTests.swift in Sources */,
			);
			runOnlyForDeploymentPostprocessing = 0;
		};
		53B7092A225C33AC00D22F69 /* Sources */ = {
			isa = PBXSourcesBuildPhase;
			buildActionMask = 2147483647;
			files = (
				53B70933225C33AC00D22F69 /* BambooNiajaUITests.swift in Sources */,
			);
			runOnlyForDeploymentPostprocessing = 0;
		};
/* End PBXSourcesBuildPhase section */

/* Begin PBXTargetDependency section */
		53B70925225C33AC00D22F69 /* PBXTargetDependency */ = {
			isa = PBXTargetDependency;
			target = 53B7090E225C33AA00D22F69 /* BambooNiaja */;
			targetProxy = 53B70924225C33AC00D22F69 /* PBXContainerItemProxy */;
		};
		53B70930225C33AC00D22F69 /* PBXTargetDependency */ = {
			isa = PBXTargetDependency;
			target = 53B7090E225C33AA00D22F69 /* BambooNiaja */;
			targetProxy = 53B7092F225C33AC00D22F69 /* PBXContainerItemProxy */;
		};
/* End PBXTargetDependency section */

/* Begin PBXVariantGroup section */
		53B70916225C33AB00D22F69 /* Main.storyboard */ = {
			isa = PBXVariantGroup;
			children = (
				53B70917225C33AB00D22F69 /* Base */,
			);
			name = Main.storyboard;
			sourceTree = "<group>";
		};
		53B7091B225C33AC00D22F69 /* LaunchScreen.storyboard */ = {
			isa = PBXVariantGroup;
			children = (
				53B7091C225C33AC00D22F69 /* Base */,
			);
			name = LaunchScreen.storyboard;
			sourceTree = "<group>";
		};
/* End PBXVariantGroup section */

/* Begin XCBuildConfiguration section */
		53B70935225C33AC00D22F69 /* Debug */ = {
			isa = XCBuildConfiguration;
			buildSettings = {
				ALWAYS_SEARCH_USER_PATHS = NO;
				CLANG_ANALYZER_NONNULL = YES;
				CLANG_ANALYZER_NUMBER_OBJECT_CONVERSION = YES_AGGRESSIVE;
				CLANG_CXX_LANGUAGE_STANDARD = "gnu++14";
				CLANG_CXX_LIBRARY = "libc++";
				CLANG_ENABLE_MODULES = YES;
				CLANG_ENABLE_OBJC_ARC = YES;
				CLANG_ENABLE_OBJC_WEAK = YES;
				CLANG_WARN_BLOCK_CAPTURE_AUTORELEASING = YES;
				CLANG_WARN_BOOL_CONVERSION = YES;
				CLANG_WARN_COMMA = YES;
				CLANG_WARN_CONSTANT_CONVERSION = YES;
				CLANG_WARN_DEPRECATED_OBJC_IMPLEMENTATIONS = YES;
				CLANG_WARN_DIRECT_OBJC_ISA_USAGE = YES_ERROR;
				CLANG_WARN_DOCUMENTATION_COMMENTS = YES;
				CLANG_WARN_EMPTY_BODY = YES;
				CLANG_WARN_ENUM_CONVERSION = YES;
				CLANG_WARN_INFINITE_RECURSION = YES;
				CLANG_WARN_INT_CONVERSION = YES;
				CLANG_WARN_NON_LITERAL_NULL_CONVERSION = YES;
				CLANG_WARN_OBJC_IMPLICIT_RETAIN_SELF = YES;
				CLANG_WARN_OBJC_LITERAL_CONVERSION = YES;
				CLANG_WARN_OBJC_ROOT_CLASS = YES_ERROR;
				CLANG_WARN_RANGE_LOOP_ANALYSIS = YES;
				CLANG_WARN_STRICT_PROTOTYPES = YES;
				CLANG_WARN_SUSPICIOUS_MOVE = YES;
				CLANG_WARN_UNGUARDED_AVAILABILITY = YES_AGGRESSIVE;
				CLANG_WARN_UNREACHABLE_CODE = YES;
				CLANG_WARN__DUPLICATE_METHOD_MATCH = YES;
				CODE_SIGN_IDENTITY = "iPhone Developer";
				COPY_PHASE_STRIP = NO;
				DEBUG_INFORMATION_FORMAT = dwarf;
				ENABLE_STRICT_OBJC_MSGSEND = YES;
				ENABLE_TESTABILITY = YES;
				GCC_C_LANGUAGE_STANDARD = gnu11;
				GCC_DYNAMIC_NO_PIC = NO;
				GCC_NO_COMMON_BLOCKS = YES;
				GCC_OPTIMIZATION_LEVEL = 0;
				GCC_PREPROCESSOR_DEFINITIONS = (
					"DEBUG=1",
					"$(inherited)",
				);
				GCC_WARN_64_TO_32_BIT_CONVERSION = YES;
				GCC_WARN_ABOUT_RETURN_TYPE = YES_ERROR;
				GCC_WARN_UNDECLARED_SELECTOR = YES;
				GCC_WARN_UNINITIALIZED_AUTOS = YES_AGGRESSIVE;
				GCC_WARN_UNUSED_FUNCTION = YES;
				GCC_WARN_UNUSED_VARIABLE = YES;
				IPHONEOS_DEPLOYMENT_TARGET = 12.1;
				MTL_ENABLE_DEBUG_INFO = INCLUDE_SOURCE;
				MTL_FAST_MATH = YES;
				ONLY_ACTIVE_ARCH = YES;
				SDKROOT = iphoneos;
				SWIFT_ACTIVE_COMPILATION_CONDITIONS = DEBUG;
				SWIFT_OPTIMIZATION_LEVEL = "-Onone";
			};
			name = Debug;
		};
		53B70936225C33AC00D22F69 /* Release */ = {
			isa = XCBuildConfiguration;
			buildSettings = {
				ALWAYS_SEARCH_USER_PATHS = NO;
				CLANG_ANALYZER_NONNULL = YES;
				CLANG_ANALYZER_NUMBER_OBJECT_CONVERSION = YES_AGGRESSIVE;
				CLANG_CXX_LANGUAGE_STANDARD = "gnu++14";
				CLANG_CXX_LIBRARY = "libc++";
				CLANG_ENABLE_MODULES = YES;
				CLANG_ENABLE_OBJC_ARC = YES;
				CLANG_ENABLE_OBJC_WEAK = YES;
				CLANG_WARN_BLOCK_CAPTURE_AUTORELEASING = YES;
				CLANG_WARN_BOOL_CONVERSION = YES;
				CLANG_WARN_COMMA = YES;
				CLANG_WARN_CONSTANT_CONVERSION = YES;
				CLANG_WARN_DEPRECATED_OBJC_IMPLEMENTATIONS = YES;
				CLANG_WARN_DIRECT_OBJC_ISA_USAGE = YES_ERROR;
				CLANG_WARN_DOCUMENTATION_COMMENTS = YES;
				CLANG_WARN_EMPTY_BODY = YES;
				CLANG_WARN_ENUM_CONVERSION = YES;
				CLANG_WARN_INFINITE_RECURSION = YES;
				CLANG_WARN_INT_CONVERSION = YES;
				CLANG_WARN_NON_LITERAL_NULL_CONVERSION = YES;
				CLANG_WARN_OBJC_IMPLICIT_RETAIN_SELF = YES;
				CLANG_WARN_OBJC_LITERAL_CONVERSION = YES;
				CLANG_WARN_OBJC_ROOT_CLASS = YES_ERROR;
				CLANG_WARN_RANGE_LOOP_ANALYSIS = YES;
				CLANG_WARN_STRICT_PROTOTYPES = YES;
				CLANG_WARN_SUSPICIOUS_MOVE = YES;
				CLANG_WARN_UNGUARDED_AVAILABILITY = YES_AGGRESSIVE;
				CLANG_WARN_UNREACHABLE_CODE = YES;
				CLANG_WARN__DUPLICATE_METHOD_MATCH = YES;
				CODE_SIGN_IDENTITY = "iPhone Developer";
				COPY_PHASE_STRIP = NO;
				DEBUG_INFORMATION_FORMAT = "dwarf-with-dsym";
				ENABLE_NS_ASSERTIONS = NO;
				ENABLE_STRICT_OBJC_MSGSEND = YES;
				GCC_C_LANGUAGE_STANDARD = gnu11;
				GCC_NO_COMMON_BLOCKS = YES;
				GCC_WARN_64_TO_32_BIT_CONVERSION = YES;
				GCC_WARN_ABOUT_RETURN_TYPE = YES_ERROR;
				GCC_WARN_UNDECLARED_SELECTOR = YES;
				GCC_WARN_UNINITIALIZED_AUTOS = YES_AGGRESSIVE;
				GCC_WARN_UNUSED_FUNCTION = YES;
				GCC_WARN_UNUSED_VARIABLE = YES;
				IPHONEOS_DEPLOYMENT_TARGET = 12.1;
				MTL_ENABLE_DEBUG_INFO = NO;
				MTL_FAST_MATH = YES;
				SDKROOT = iphoneos;
				SWIFT_COMPILATION_MODE = wholemodule;
				SWIFT_OPTIMIZATION_LEVEL = "-O";
				VALIDATE_PRODUCT = YES;
			};
			name = Release;
		};
		53B70938225C33AC00D22F69 /* Debug */ = {
			isa = XCBuildConfiguration;
			buildSettings = {
				ASSETCATALOG_COMPILER_APPICON_NAME = AppIcon;
				CODE_SIGN_STYLE = Automatic;
				INFOPLIST_FILE = BambooNiaja/Info.plist;
				LD_RUNPATH_SEARCH_PATHS = (
					"$(inherited)",
					"@executable_path/Frameworks",
				);
				PRODUCT_BUNDLE_IDENTIFIER = com.xxx.BambooNiaja;
				PRODUCT_NAME = "$(TARGET_NAME)";
				SWIFT_VERSION = 4.2;
				TARGETED_DEVICE_FAMILY = "1,2";
			};
			name = Debug;
		};
		53B70939225C33AC00D22F69 /* Release */ = {
			isa = XCBuildConfiguration;
			buildSettings = {
				ASSETCATALOG_COMPILER_APPICON_NAME = AppIcon;
				CODE_SIGN_STYLE = Automatic;
				INFOPLIST_FILE = BambooNiaja/Info.plist;
				LD_RUNPATH_SEARCH_PATHS = (
					"$(inherited)",
					"@executable_path/Frameworks",
				);
				PRODUCT_BUNDLE_IDENTIFIER = com.xxx.BambooNiaja;
				PRODUCT_NAME = "$(TARGET_NAME)";
				SWIFT_VERSION = 4.2;
				TARGETED_DEVICE_FAMILY = "1,2";
			};
			name = Release;
		};
		53B7093B225C33AC00D22F69 /* Debug */ = {
			isa = XCBuildConfiguration;
			buildSettings = {
				ALWAYS_EMBED_SWIFT_STANDARD_LIBRARIES = YES;
				BUNDLE_LOADER = "$(TEST_HOST)";
				CODE_SIGN_STYLE = Automatic;
				INFOPLIST_FILE = BambooNiajaTests/Info.plist;
				LD_RUNPATH_SEARCH_PATHS = (
					"$(inherited)",
					"@executable_path/Frameworks",
					"@loader_path/Frameworks",
				);
				PRODUCT_BUNDLE_IDENTIFIER = com.xxx.BambooNiajaTests;
				PRODUCT_NAME = "$(TARGET_NAME)";
				SWIFT_VERSION = 4.2;
				TARGETED_DEVICE_FAMILY = "1,2";
				TEST_HOST = "$(BUILT_PRODUCTS_DIR)/BambooNiaja.app/BambooNiaja";
			};
			name = Debug;
		};
		53B7093C225C33AC00D22F69 /* Release */ = {
			isa = XCBuildConfiguration;
			buildSettings = {
				ALWAYS_EMBED_SWIFT_STANDARD_LIBRARIES = YES;
				BUNDLE_LOADER = "$(TEST_HOST)";
				CODE_SIGN_STYLE = Automatic;
				INFOPLIST_FILE = BambooNiajaTests/Info.plist;
				LD_RUNPATH_SEARCH_PATHS = (
					"$(inherited)",
					"@executable_path/Frameworks",
					"@loader_path/Frameworks",
				);
				PRODUCT_BUNDLE_IDENTIFIER = com.xxx.BambooNiajaTests;
				PRODUCT_NAME = "$(TARGET_NAME)";
				SWIFT_VERSION = 4.2;
				TARGETED_DEVICE_FAMILY = "1,2";
				TEST_HOST = "$(BUILT_PRODUCTS_DIR)/BambooNiaja.app/BambooNiaja";
			};
			name = Release;
		};
		53B7093E225C33AC00D22F69 /* Debug */ = {
			isa = XCBuildConfiguration;
			buildSettings = {
				ALWAYS_EMBED_SWIFT_STANDARD_LIBRARIES = YES;
				CODE_SIGN_STYLE = Automatic;
				INFOPLIST_FILE = BambooNiajaUITests/Info.plist;
				LD_RUNPATH_SEARCH_PATHS = (
					"$(inherited)",
					"@executable_path/Frameworks",
					"@loader_path/Frameworks",
				);
				PRODUCT_BUNDLE_IDENTIFIER = com.xxx.BambooNiajaUITests;
				PRODUCT_NAME = "$(TARGET_NAME)";
				SWIFT_VERSION = 4.2;
				TARGETED_DEVICE_FAMILY = "1,2";
				TEST_TARGET_NAME = BambooNiaja;
			};
			name = Debug;
		};
		53B7093F225C33AC00D22F69 /* Release */ = {
			isa = XCBuildConfiguration;
			buildSettings = {
				ALWAYS_EMBED_SWIFT_STANDARD_LIBRARIES = YES;
				CODE_SIGN_STYLE = Automatic;
				INFOPLIST_FILE = BambooNiajaUITests/Info.plist;
				LD_RUNPATH_SEARCH_PATHS = (
					"$(inherited)",
					"@executable_path/Frameworks",
					"@loader_path/Frameworks",
				);
				PRODUCT_BUNDLE_IDENTIFIER = com.xxx.BambooNiajaUITests;
				PRODUCT_NAME = "$(TARGET_NAME)";
				SWIFT_VERSION = 4.2;
				TARGETED_DEVICE_FAMILY = "1,2";
				TEST_TARGET_NAME = BambooNiaja;
			};
			name = Release;
		};
/* End XCBuildConfiguration section */

/* Begin XCConfigurationList section */
		53B7090A225C33AA00D22F69 /* Build configuration list for PBXProject "BambooNiaja" */ = {
			isa = XCConfigurationList;
			buildConfigurations = (
				53B70935225C33AC00D22F69 /* Debug */,
				53B70936225C33AC00D22F69 /* Release */,
			);
			defaultConfigurationIsVisible = 0;
			defaultConfigurationName = Release;
		};
		53B70937225C33AC00D22F69 /* Build configuration list for PBXNativeTarget "BambooNiaja" */ = {
			isa = XCConfigurationList;
			buildConfigurations = (
				53B70938225C33AC00D22F69 /* Debug */,
				53B70939225C33AC00D22F69 /* Release */,
			);
			defaultConfigurationIsVisible = 0;
			defaultConfigurationName = Release;
		};
		53B7093A225C33AC00D22F69 /* Build configuration list for PBXNativeTarget "BambooNiajaTests" */ = {
			isa = XCConfigurationList;
			buildConfigurations = (
				53B7093B225C33AC00D22F69 /* Debug */,
				53B7093C225C33AC00D22F69 /* Release */,
			);
			defaultConfigurationIsVisible = 0;
			defaultConfigurationName = Release;
		};
		53B7093D225C33AC00D22F69 /* Build configuration list for PBXNativeTarget "BambooNiajaUITests" */ = {
			isa = XCConfigurationList;
			buildConfigurations = (
				53B7093E225C33AC00D22F69 /* Debug */,
				53B7093F225C33AC00D22F69 /* Release */,
			);
			defaultConfigurationIsVisible = 0;
			defaultConfigurationName = Release;
		};
/* End XCConfigurationList section */
	};
	rootObject = 53B70907225C33AA00D22F69 /* Project object */;
}
